// !$*UTF8*$!
{
	archiveVersion = 1;
	classes = {
	};
	objectVersion = 46;
	objects = {

/* Begin PBXBuildFile section */
		E411159B18A0C88700C3F341 /* Foundation.framework in Frameworks */ = {isa = PBXBuildFile; fileRef = E411159A18A0C88700C3F341 /* Foundation.framework */; };
		E411159D18A0C88700C3F341 /* CoreGraphics.framework in Frameworks */ = {isa = PBXBuildFile; fileRef = E411159C18A0C88700C3F341 /* CoreGraphics.framework */; };
		E411159F18A0C88700C3F341 /* UIKit.framework in Frameworks */ = {isa = PBXBuildFile; fileRef = E411159E18A0C88700C3F341 /* UIKit.framework */; };
		E41115A518A0C88700C3F341 /* InfoPlist.strings in Resources */ = {isa = PBXBuildFile; fileRef = E41115A318A0C88700C3F341 /* InfoPlist.strings */; };
		E41115A718A0C88700C3F341 /* main.m in Sources */ = {isa = PBXBuildFile; fileRef = E41115A618A0C88700C3F341 /* main.m */; };
		E41115AB18A0C88700C3F341 /* AppDelegate.m in Sources */ = {isa = PBXBuildFile; fileRef = E41115AA18A0C88700C3F341 /* AppDelegate.m */; };
		E41115AD18A0C88700C3F341 /* Images.xcassets in Resources */ = {isa = PBXBuildFile; fileRef = E41115AC18A0C88700C3F341 /* Images.xcassets */; };
		E41115B418A0C88700C3F341 /* XCTest.framework in Frameworks */ = {isa = PBXBuildFile; fileRef = E41115B318A0C88700C3F341 /* XCTest.framework */; };
		E41115B518A0C88700C3F341 /* Foundation.framework in Frameworks */ = {isa = PBXBuildFile; fileRef = E411159A18A0C88700C3F341 /* Foundation.framework */; };
		E41115B618A0C88700C3F341 /* UIKit.framework in Frameworks */ = {isa = PBXBuildFile; fileRef = E411159E18A0C88700C3F341 /* UIKit.framework */; };
		E41115BE18A0C88700C3F341 /* InfoPlist.strings in Resources */ = {isa = PBXBuildFile; fileRef = E41115BC18A0C88700C3F341 /* InfoPlist.strings */; };
		E41115C018A0C88700C3F341 /* OpenWeatherTests.m in Sources */ = {isa = PBXBuildFile; fileRef = E41115BF18A0C88700C3F341 /* OpenWeatherTests.m */; };
		E41115CB18A0C89900C3F341 /* HomeViewController.m in Sources */ = {isa = PBXBuildFile; fileRef = E41115CA18A0C89900C3F341 /* HomeViewController.m */; };
		E411162E18A0D25800C3F341 /* AFAppDotNetAPIClient.m in Sources */ = {isa = PBXBuildFile; fileRef = E411162218A0D25800C3F341 /* AFAppDotNetAPIClient.m */; };
		E411164318A0D2A400C3F341 /* AFNetworkActivityIndicatorManager.m in Sources */ = {isa = PBXBuildFile; fileRef = E411163518A0D2A400C3F341 /* AFNetworkActivityIndicatorManager.m */; };
		E411164418A0D2A400C3F341 /* UIActivityIndicatorView+AFNetworking.m in Sources */ = {isa = PBXBuildFile; fileRef = E411163718A0D2A400C3F341 /* UIActivityIndicatorView+AFNetworking.m */; };
		E411164518A0D2A400C3F341 /* UIAlertView+AFNetworking.m in Sources */ = {isa = PBXBuildFile; fileRef = E411163918A0D2A400C3F341 /* UIAlertView+AFNetworking.m */; };
		E411164618A0D2A400C3F341 /* UIButton+AFNetworking.m in Sources */ = {isa = PBXBuildFile; fileRef = E411163B18A0D2A400C3F341 /* UIButton+AFNetworking.m */; };
		E411164718A0D2A400C3F341 /* UIImageView+AFNetworking.m in Sources */ = {isa = PBXBuildFile; fileRef = E411163D18A0D2A400C3F341 /* UIImageView+AFNetworking.m */; };
		E411164818A0D2A400C3F341 /* UIProgressView+AFNetworking.m in Sources */ = {isa = PBXBuildFile; fileRef = E411164018A0D2A400C3F341 /* UIProgressView+AFNetworking.m */; };
		E411164918A0D2A400C3F341 /* UIWebView+AFNetworking.m in Sources */ = {isa = PBXBuildFile; fileRef = E411164218A0D2A400C3F341 /* UIWebView+AFNetworking.m */; };
		E411165E18A0D2B400C3F341 /* AFHTTPRequestOperation.m in Sources */ = {isa = PBXBuildFile; fileRef = E411164C18A0D2B400C3F341 /* AFHTTPRequestOperation.m */; };
		E411165F18A0D2B400C3F341 /* AFHTTPRequestOperationManager.m in Sources */ = {isa = PBXBuildFile; fileRef = E411164E18A0D2B400C3F341 /* AFHTTPRequestOperationManager.m */; };
		E411166018A0D2B400C3F341 /* AFHTTPSessionManager.m in Sources */ = {isa = PBXBuildFile; fileRef = E411165018A0D2B400C3F341 /* AFHTTPSessionManager.m */; };
		E411166118A0D2B400C3F341 /* AFNetworkReachabilityManager.m in Sources */ = {isa = PBXBuildFile; fileRef = E411165318A0D2B400C3F341 /* AFNetworkReachabilityManager.m */; };
		E411166218A0D2B400C3F341 /* AFSecurityPolicy.m in Sources */ = {isa = PBXBuildFile; fileRef = E411165518A0D2B400C3F341 /* AFSecurityPolicy.m */; };
		E411166318A0D2B400C3F341 /* AFURLConnectionOperation.m in Sources */ = {isa = PBXBuildFile; fileRef = E411165718A0D2B400C3F341 /* AFURLConnectionOperation.m */; };
		E411166418A0D2B400C3F341 /* AFURLRequestSerialization.m in Sources */ = {isa = PBXBuildFile; fileRef = E411165918A0D2B400C3F341 /* AFURLRequestSerialization.m */; };
		E411166518A0D2B400C3F341 /* AFURLResponseSerialization.m in Sources */ = {isa = PBXBuildFile; fileRef = E411165B18A0D2B400C3F341 /* AFURLResponseSerialization.m */; };
		E411166618A0D2B400C3F341 /* AFURLSessionManager.m in Sources */ = {isa = PBXBuildFile; fileRef = E411165D18A0D2B400C3F341 /* AFURLSessionManager.m */; };
		E411166A18A1BE4200C3F341 /* HomeTableModel.m in Sources */ = {isa = PBXBuildFile; fileRef = E411166918A1BE4200C3F341 /* HomeTableModel.m */; };
		E411167018A1CFFD00C3F341 /* BaseParser.m in Sources */ = {isa = PBXBuildFile; fileRef = E411166F18A1CFFD00C3F341 /* BaseParser.m */; };
		E411167918A1D79000C3F341 /* HomeTableCustomCell.m in Sources */ = {isa = PBXBuildFile; fileRef = E411167818A1D79000C3F341 /* HomeTableCustomCell.m */; };
		E411167D18A1DA8800C3F341 /* HomeDetailViewController.m in Sources */ = {isa = PBXBuildFile; fileRef = E411167C18A1DA8800C3F341 /* HomeDetailViewController.m */; };
		E442BF1018A218BD003220C1 /* SuperViewController.m in Sources */ = {isa = PBXBuildFile; fileRef = E442BF0F18A218BD003220C1 /* SuperViewController.m */; };
		E493E4B318A1E8DC0016C5FF /* MKAnnotationView+WebCache.m in Sources */ = {isa = PBXBuildFile; fileRef = E493E49F18A1E8DC0016C5FF /* MKAnnotationView+WebCache.m */; };
		E493E4B418A1E8DC0016C5FF /* SDImageCache.m in Sources */ = {isa = PBXBuildFile; fileRef = E493E4A118A1E8DC0016C5FF /* SDImageCache.m */; };
		E493E4B518A1E8DC0016C5FF /* SDWebImageCompat.m in Sources */ = {isa = PBXBuildFile; fileRef = E493E4A318A1E8DC0016C5FF /* SDWebImageCompat.m */; };
		E493E4B618A1E8DC0016C5FF /* SDWebImageDecoder.m in Sources */ = {isa = PBXBuildFile; fileRef = E493E4A518A1E8DC0016C5FF /* SDWebImageDecoder.m */; };
		E493E4B718A1E8DC0016C5FF /* SDWebImageDownloader.m in Sources */ = {isa = PBXBuildFile; fileRef = E493E4A718A1E8DC0016C5FF /* SDWebImageDownloader.m */; };
		E493E4B818A1E8DC0016C5FF /* SDWebImageDownloaderOperation.m in Sources */ = {isa = PBXBuildFile; fileRef = E493E4A918A1E8DC0016C5FF /* SDWebImageDownloaderOperation.m */; };
		E493E4B918A1E8DC0016C5FF /* SDWebImageManager.m in Sources */ = {isa = PBXBuildFile; fileRef = E493E4AB18A1E8DC0016C5FF /* SDWebImageManager.m */; };
		E493E4BA18A1E8DC0016C5FF /* SDWebImagePrefetcher.m in Sources */ = {isa = PBXBuildFile; fileRef = E493E4AE18A1E8DC0016C5FF /* SDWebImagePrefetcher.m */; };
		E493E4BB18A1E8DC0016C5FF /* UIButton+WebCache.m in Sources */ = {isa = PBXBuildFile; fileRef = E493E4B018A1E8DC0016C5FF /* UIButton+WebCache.m */; };
		E493E4BC18A1E8DC0016C5FF /* UIImageView+WebCache.m in Sources */ = {isa = PBXBuildFile; fileRef = E493E4B218A1E8DC0016C5FF /* UIImageView+WebCache.m */; };
/* End PBXBuildFile section */

/* Begin PBXContainerItemProxy section */
		E41115B718A0C88700C3F341 /* PBXContainerItemProxy */ = {
			isa = PBXContainerItemProxy;
			containerPortal = E411158F18A0C88700C3F341 /* Project object */;
			proxyType = 1;
			remoteGlobalIDString = E411159618A0C88700C3F341;
			remoteInfo = OpenWeather;
		};
/* End PBXContainerItemProxy section */

/* Begin PBXFileReference section */
		E411159718A0C88700C3F341 /* OpenWeather.app */ = {isa = PBXFileReference; explicitFileType = wrapper.application; includeInIndex = 0; path = OpenWeather.app; sourceTree = BUILT_PRODUCTS_DIR; };
		E411159A18A0C88700C3F341 /* Foundation.framework */ = {isa = PBXFileReference; lastKnownFileType = wrapper.framework; name = Foundation.framework; path = System/Library/Frameworks/Foundation.framework; sourceTree = SDKROOT; };
		E411159C18A0C88700C3F341 /* CoreGraphics.framework */ = {isa = PBXFileReference; lastKnownFileType = wrapper.framework; name = CoreGraphics.framework; path = System/Library/Frameworks/CoreGraphics.framework; sourceTree = SDKROOT; };
		E411159E18A0C88700C3F341 /* UIKit.framework */ = {isa = PBXFileReference; lastKnownFileType = wrapper.framework; name = UIKit.framework; path = System/Library/Frameworks/UIKit.framework; sourceTree = SDKROOT; };
		E41115A218A0C88700C3F341 /* OpenWeather-Info.plist */ = {isa = PBXFileReference; lastKnownFileType = text.plist.xml; path = "OpenWeather-Info.plist"; sourceTree = "<group>"; };
		E41115A418A0C88700C3F341 /* en */ = {isa = PBXFileReference; lastKnownFileType = text.plist.strings; name = en; path = en.lproj/InfoPlist.strings; sourceTree = "<group>"; };
		E41115A618A0C88700C3F341 /* main.m */ = {isa = PBXFileReference; lastKnownFileType = sourcecode.c.objc; path = main.m; sourceTree = "<group>"; };
		E41115A818A0C88700C3F341 /* OpenWeather-Prefix.pch */ = {isa = PBXFileReference; lastKnownFileType = sourcecode.c.h; path = "OpenWeather-Prefix.pch"; sourceTree = "<group>"; };
		E41115A918A0C88700C3F341 /* AppDelegate.h */ = {isa = PBXFileReference; lastKnownFileType = sourcecode.c.h; path = AppDelegate.h; sourceTree = "<group>"; };
		E41115AA18A0C88700C3F341 /* AppDelegate.m */ = {isa = PBXFileReference; lastKnownFileType = sourcecode.c.objc; path = AppDelegate.m; sourceTree = "<group>"; };
		E41115AC18A0C88700C3F341 /* Images.xcassets */ = {isa = PBXFileReference; lastKnownFileType = folder.assetcatalog; path = Images.xcassets; sourceTree = "<group>"; };
		E41115B218A0C88700C3F341 /* OpenWeatherTests.xctest */ = {isa = PBXFileReference; explicitFileType = wrapper.cfbundle; includeInIndex = 0; path = OpenWeatherTests.xctest; sourceTree = BUILT_PRODUCTS_DIR; };
		E41115B318A0C88700C3F341 /* XCTest.framework */ = {isa = PBXFileReference; lastKnownFileType = wrapper.framework; name = XCTest.framework; path = Library/Frameworks/XCTest.framework; sourceTree = DEVELOPER_DIR; };
		E41115BB18A0C88700C3F341 /* OpenWeatherTests-Info.plist */ = {isa = PBXFileReference; lastKnownFileType = text.plist.xml; path = "OpenWeatherTests-Info.plist"; sourceTree = "<group>"; };
		E41115BD18A0C88700C3F341 /* en */ = {isa = PBXFileReference; lastKnownFileType = text.plist.strings; name = en; path = en.lproj/InfoPlist.strings; sourceTree = "<group>"; };
		E41115BF18A0C88700C3F341 /* OpenWeatherTests.m */ = {isa = PBXFileReference; lastKnownFileType = sourcecode.c.objc; path = OpenWeatherTests.m; sourceTree = "<group>"; };
		E41115C918A0C89900C3F341 /* HomeViewController.h */ = {isa = PBXFileReference; fileEncoding = 4; lastKnownFileType = sourcecode.c.h; path = HomeViewController.h; sourceTree = "<group>"; };
		E41115CA18A0C89900C3F341 /* HomeViewController.m */ = {isa = PBXFileReference; fileEncoding = 4; lastKnownFileType = sourcecode.c.objc; path = HomeViewController.m; sourceTree = "<group>"; };
		E411162118A0D25800C3F341 /* AFAppDotNetAPIClient.h */ = {isa = PBXFileReference; fileEncoding = 4; lastKnownFileType = sourcecode.c.h; path = AFAppDotNetAPIClient.h; sourceTree = "<group>"; };
		E411162218A0D25800C3F341 /* AFAppDotNetAPIClient.m */ = {isa = PBXFileReference; fileEncoding = 4; lastKnownFileType = sourcecode.c.objc; path = AFAppDotNetAPIClient.m; sourceTree = "<group>"; };
		E411163418A0D2A400C3F341 /* AFNetworkActivityIndicatorManager.h */ = {isa = PBXFileReference; fileEncoding = 4; lastKnownFileType = sourcecode.c.h; path = AFNetworkActivityIndicatorManager.h; sourceTree = "<group>"; };
		E411163518A0D2A400C3F341 /* AFNetworkActivityIndicatorManager.m */ = {isa = PBXFileReference; fileEncoding = 4; lastKnownFileType = sourcecode.c.objc; path = AFNetworkActivityIndicatorManager.m; sourceTree = "<group>"; };
		E411163618A0D2A400C3F341 /* UIActivityIndicatorView+AFNetworking.h */ = {isa = PBXFileReference; fileEncoding = 4; lastKnownFileType = sourcecode.c.h; path = "UIActivityIndicatorView+AFNetworking.h"; sourceTree = "<group>"; };
		E411163718A0D2A400C3F341 /* UIActivityIndicatorView+AFNetworking.m */ = {isa = PBXFileReference; fileEncoding = 4; lastKnownFileType = sourcecode.c.objc; path = "UIActivityIndicatorView+AFNetworking.m"; sourceTree = "<group>"; };
		E411163818A0D2A400C3F341 /* UIAlertView+AFNetworking.h */ = {isa = PBXFileReference; fileEncoding = 4; lastKnownFileType = sourcecode.c.h; path = "UIAlertView+AFNetworking.h"; sourceTree = "<group>"; };
		E411163918A0D2A400C3F341 /* UIAlertView+AFNetworking.m */ = {isa = PBXFileReference; fileEncoding = 4; lastKnownFileType = sourcecode.c.objc; path = "UIAlertView+AFNetworking.m"; sourceTree = "<group>"; };
		E411163A18A0D2A400C3F341 /* UIButton+AFNetworking.h */ = {isa = PBXFileReference; fileEncoding = 4; lastKnownFileType = sourcecode.c.h; path = "UIButton+AFNetworking.h"; sourceTree = "<group>"; };
		E411163B18A0D2A400C3F341 /* UIButton+AFNetworking.m */ = {isa = PBXFileReference; fileEncoding = 4; lastKnownFileType = sourcecode.c.objc; path = "UIButton+AFNetworking.m"; sourceTree = "<group>"; };
		E411163C18A0D2A400C3F341 /* UIImageView+AFNetworking.h */ = {isa = PBXFileReference; fileEncoding = 4; lastKnownFileType = sourcecode.c.h; path = "UIImageView+AFNetworking.h"; sourceTree = "<group>"; };
		E411163D18A0D2A400C3F341 /* UIImageView+AFNetworking.m */ = {isa = PBXFileReference; fileEncoding = 4; lastKnownFileType = sourcecode.c.objc; path = "UIImageView+AFNetworking.m"; sourceTree = "<group>"; };
		E411163E18A0D2A400C3F341 /* UIKit+AFNetworking.h */ = {isa = PBXFileReference; fileEncoding = 4; lastKnownFileType = sourcecode.c.h; path = "UIKit+AFNetworking.h"; sourceTree = "<group>"; };
		E411163F18A0D2A400C3F341 /* UIProgressView+AFNetworking.h */ = {isa = PBXFileReference; fileEncoding = 4; lastKnownFileType = sourcecode.c.h; path = "UIProgressView+AFNetworking.h"; sourceTree = "<group>"; };
		E411164018A0D2A400C3F341 /* UIProgressView+AFNetworking.m */ = {isa = PBXFileReference; fileEncoding = 4; lastKnownFileType = sourcecode.c.objc; path = "UIProgressView+AFNetworking.m"; sourceTree = "<group>"; };
		E411164118A0D2A400C3F341 /* UIWebView+AFNetworking.h */ = {isa = PBXFileReference; fileEncoding = 4; lastKnownFileType = sourcecode.c.h; path = "UIWebView+AFNetworking.h"; sourceTree = "<group>"; };
		E411164218A0D2A400C3F341 /* UIWebView+AFNetworking.m */ = {isa = PBXFileReference; fileEncoding = 4; lastKnownFileType = sourcecode.c.objc; path = "UIWebView+AFNetworking.m"; sourceTree = "<group>"; };
		E411164B18A0D2B400C3F341 /* AFHTTPRequestOperation.h */ = {isa = PBXFileReference; fileEncoding = 4; lastKnownFileType = sourcecode.c.h; path = AFHTTPRequestOperation.h; sourceTree = "<group>"; };
		E411164C18A0D2B400C3F341 /* AFHTTPRequestOperation.m */ = {isa = PBXFileReference; fileEncoding = 4; lastKnownFileType = sourcecode.c.objc; path = AFHTTPRequestOperation.m; sourceTree = "<group>"; };
		E411164D18A0D2B400C3F341 /* AFHTTPRequestOperationManager.h */ = {isa = PBXFileReference; fileEncoding = 4; lastKnownFileType = sourcecode.c.h; path = AFHTTPRequestOperationManager.h; sourceTree = "<group>"; };
		E411164E18A0D2B400C3F341 /* AFHTTPRequestOperationManager.m */ = {isa = PBXFileReference; fileEncoding = 4; lastKnownFileType = sourcecode.c.objc; path = AFHTTPRequestOperationManager.m; sourceTree = "<group>"; };
		E411164F18A0D2B400C3F341 /* AFHTTPSessionManager.h */ = {isa = PBXFileReference; fileEncoding = 4; lastKnownFileType = sourcecode.c.h; path = AFHTTPSessionManager.h; sourceTree = "<group>"; };
		E411165018A0D2B400C3F341 /* AFHTTPSessionManager.m */ = {isa = PBXFileReference; fileEncoding = 4; lastKnownFileType = sourcecode.c.objc; path = AFHTTPSessionManager.m; sourceTree = "<group>"; };
		E411165118A0D2B400C3F341 /* AFNetworking.h */ = {isa = PBXFileReference; fileEncoding = 4; lastKnownFileType = sourcecode.c.h; path = AFNetworking.h; sourceTree = "<group>"; };
		E411165218A0D2B400C3F341 /* AFNetworkReachabilityManager.h */ = {isa = PBXFileReference; fileEncoding = 4; lastKnownFileType = sourcecode.c.h; path = AFNetworkReachabilityManager.h; sourceTree = "<group>"; };
		E411165318A0D2B400C3F341 /* AFNetworkReachabilityManager.m */ = {isa = PBXFileReference; fileEncoding = 4; lastKnownFileType = sourcecode.c.objc; path = AFNetworkReachabilityManager.m; sourceTree = "<group>"; };
		E411165418A0D2B400C3F341 /* AFSecurityPolicy.h */ = {isa = PBXFileReference; fileEncoding = 4; lastKnownFileType = sourcecode.c.h; path = AFSecurityPolicy.h; sourceTree = "<group>"; };
		E411165518A0D2B400C3F341 /* AFSecurityPolicy.m */ = {isa = PBXFileReference; fileEncoding = 4; lastKnownFileType = sourcecode.c.objc; path = AFSecurityPolicy.m; sourceTree = "<group>"; };
		E411165618A0D2B400C3F341 /* AFURLConnectionOperation.h */ = {isa = PBXFileReference; fileEncoding = 4; lastKnownFileType = sourcecode.c.h; path = AFURLConnectionOperation.h; sourceTree = "<group>"; };
		E411165718A0D2B400C3F341 /* AFURLConnectionOperation.m */ = {isa = PBXFileReference; fileEncoding = 4; lastKnownFileType = sourcecode.c.objc; path = AFURLConnectionOperation.m; sourceTree = "<group>"; };
		E411165818A0D2B400C3F341 /* AFURLRequestSerialization.h */ = {isa = PBXFileReference; fileEncoding = 4; lastKnownFileType = sourcecode.c.h; path = AFURLRequestSerialization.h; sourceTree = "<group>"; };
		E411165918A0D2B400C3F341 /* AFURLRequestSerialization.m */ = {isa = PBXFileReference; fileEncoding = 4; lastKnownFileType = sourcecode.c.objc; path = AFURLRequestSerialization.m; sourceTree = "<group>"; };
		E411165A18A0D2B400C3F341 /* AFURLResponseSerialization.h */ = {isa = PBXFileReference; fileEncoding = 4; lastKnownFileType = sourcecode.c.h; path = AFURLResponseSerialization.h; sourceTree = "<group>"; };
		E411165B18A0D2B400C3F341 /* AFURLResponseSerialization.m */ = {isa = PBXFileReference; fileEncoding = 4; lastKnownFileType = sourcecode.c.objc; path = AFURLResponseSerialization.m; sourceTree = "<group>"; };
		E411165C18A0D2B400C3F341 /* AFURLSessionManager.h */ = {isa = PBXFileReference; fileEncoding = 4; lastKnownFileType = sourcecode.c.h; path = AFURLSessionManager.h; sourceTree = "<group>"; };
		E411165D18A0D2B400C3F341 /* AFURLSessionManager.m */ = {isa = PBXFileReference; fileEncoding = 4; lastKnownFileType = sourcecode.c.objc; path = AFURLSessionManager.m; sourceTree = "<group>"; };
		E411166818A1BE4200C3F341 /* HomeTableModel.h */ = {isa = PBXFileReference; fileEncoding = 4; lastKnownFileType = sourcecode.c.h; name = HomeTableModel.h; path = Model/HomeTableModel.h; sourceTree = "<group>"; };
		E411166918A1BE4200C3F341 /* HomeTableModel.m */ = {isa = PBXFileReference; fileEncoding = 4; lastKnownFileType = sourcecode.c.objc; name = HomeTableModel.m; path = Model/HomeTableModel.m; sourceTree = "<group>"; };
		E411166E18A1CFFD00C3F341 /* BaseParser.h */ = {isa = PBXFileReference; fileEncoding = 4; lastKnownFileType = sourcecode.c.h; name = BaseParser.h; path = Model/BaseParser.h; sourceTree = "<group>"; };
		E411166F18A1CFFD00C3F341 /* BaseParser.m */ = {isa = PBXFileReference; fileEncoding = 4; lastKnownFileType = sourcecode.c.objc; name = BaseParser.m; path = Model/BaseParser.m; sourceTree = "<group>"; };
		E411167718A1D79000C3F341 /* HomeTableCustomCell.h */ = {isa = PBXFileReference; fileEncoding = 4; lastKnownFileType = sourcecode.c.h; path = HomeTableCustomCell.h; sourceTree = "<group>"; };
		E411167818A1D79000C3F341 /* HomeTableCustomCell.m */ = {isa = PBXFileReference; fileEncoding = 4; lastKnownFileType = sourcecode.c.objc; path = HomeTableCustomCell.m; sourceTree = "<group>"; };
		E411167B18A1DA8800C3F341 /* HomeDetailViewController.h */ = {isa = PBXFileReference; fileEncoding = 4; lastKnownFileType = sourcecode.c.h; path = HomeDetailViewController.h; sourceTree = "<group>"; };
		E411167C18A1DA8800C3F341 /* HomeDetailViewController.m */ = {isa = PBXFileReference; fileEncoding = 4; lastKnownFileType = sourcecode.c.objc; path = HomeDetailViewController.m; sourceTree = "<group>"; };
		E442BF0E18A218BD003220C1 /* SuperViewController.h */ = {isa = PBXFileReference; fileEncoding = 4; lastKnownFileType = sourcecode.c.h; path = SuperViewController.h; sourceTree = "<group>"; };
		E442BF0F18A218BD003220C1 /* SuperViewController.m */ = {isa = PBXFileReference; fileEncoding = 4; lastKnownFileType = sourcecode.c.objc; path = SuperViewController.m; sourceTree = "<group>"; };
		E493E49E18A1E8DC0016C5FF /* MKAnnotationView+WebCache.h */ = {isa = PBXFileReference; fileEncoding = 4; lastKnownFileType = sourcecode.c.h; path = "MKAnnotationView+WebCache.h"; sourceTree = "<group>"; };
		E493E49F18A1E8DC0016C5FF /* MKAnnotationView+WebCache.m */ = {isa = PBXFileReference; fileEncoding = 4; lastKnownFileType = sourcecode.c.objc; path = "MKAnnotationView+WebCache.m"; sourceTree = "<group>"; };
		E493E4A018A1E8DC0016C5FF /* SDImageCache.h */ = {isa = PBXFileReference; fileEncoding = 4; lastKnownFileType = sourcecode.c.h; path = SDImageCache.h; sourceTree = "<group>"; };
		E493E4A118A1E8DC0016C5FF /* SDImageCache.m */ = {isa = PBXFileReference; fileEncoding = 4; lastKnownFileType = sourcecode.c.objc; path = SDImageCache.m; sourceTree = "<group>"; };
		E493E4A218A1E8DC0016C5FF /* SDWebImageCompat.h */ = {isa = PBXFileReference; fileEncoding = 4; lastKnownFileType = sourcecode.c.h; path = SDWebImageCompat.h; sourceTree = "<group>"; };
		E493E4A318A1E8DC0016C5FF /* SDWebImageCompat.m */ = {isa = PBXFileReference; fileEncoding = 4; lastKnownFileType = sourcecode.c.objc; path = SDWebImageCompat.m; sourceTree = "<group>"; };
		E493E4A418A1E8DC0016C5FF /* SDWebImageDecoder.h */ = {isa = PBXFileReference; fileEncoding = 4; lastKnownFileType = sourcecode.c.h; path = SDWebImageDecoder.h; sourceTree = "<group>"; };
		E493E4A518A1E8DC0016C5FF /* SDWebImageDecoder.m */ = {isa = PBXFileReference; fileEncoding = 4; lastKnownFileType = sourcecode.c.objc; path = SDWebImageDecoder.m; sourceTree = "<group>"; };
		E493E4A618A1E8DC0016C5FF /* SDWebImageDownloader.h */ = {isa = PBXFileReference; fileEncoding = 4; lastKnownFileType = sourcecode.c.h; path = SDWebImageDownloader.h; sourceTree = "<group>"; };
		E493E4A718A1E8DC0016C5FF /* SDWebImageDownloader.m */ = {isa = PBXFileReference; fileEncoding = 4; lastKnownFileType = sourcecode.c.objc; path = SDWebImageDownloader.m; sourceTree = "<group>"; };
		E493E4A818A1E8DC0016C5FF /* SDWebImageDownloaderOperation.h */ = {isa = PBXFileReference; fileEncoding = 4; lastKnownFileType = sourcecode.c.h; path = SDWebImageDownloaderOperation.h; sourceTree = "<group>"; };
		E493E4A918A1E8DC0016C5FF /* SDWebImageDownloaderOperation.m */ = {isa = PBXFileReference; fileEncoding = 4; lastKnownFileType = sourcecode.c.objc; path = SDWebImageDownloaderOperation.m; sourceTree = "<group>"; };
		E493E4AA18A1E8DC0016C5FF /* SDWebImageManager.h */ = {isa = PBXFileReference; fileEncoding = 4; lastKnownFileType = sourcecode.c.h; path = SDWebImageManager.h; sourceTree = "<group>"; };
		E493E4AB18A1E8DC0016C5FF /* SDWebImageManager.m */ = {isa = PBXFileReference; fileEncoding = 4; lastKnownFileType = sourcecode.c.objc; path = SDWebImageManager.m; sourceTree = "<group>"; };
		E493E4AC18A1E8DC0016C5FF /* SDWebImageOperation.h */ = {isa = PBXFileReference; fileEncoding = 4; lastKnownFileType = sourcecode.c.h; path = SDWebImageOperation.h; sourceTree = "<group>"; };
		E493E4AD18A1E8DC0016C5FF /* SDWebImagePrefetcher.h */ = {isa = PBXFileReference; fileEncoding = 4; lastKnownFileType = sourcecode.c.h; path = SDWebImagePrefetcher.h; sourceTree = "<group>"; };
		E493E4AE18A1E8DC0016C5FF /* SDWebImagePrefetcher.m */ = {isa = PBXFileReference; fileEncoding = 4; lastKnownFileType = sourcecode.c.objc; path = SDWebImagePrefetcher.m; sourceTree = "<group>"; };
		E493E4AF18A1E8DC0016C5FF /* UIButton+WebCache.h */ = {isa = PBXFileReference; fileEncoding = 4; lastKnownFileType = sourcecode.c.h; path = "UIButton+WebCache.h"; sourceTree = "<group>"; };
		E493E4B018A1E8DC0016C5FF /* UIButton+WebCache.m */ = {isa = PBXFileReference; fileEncoding = 4; lastKnownFileType = sourcecode.c.objc; path = "UIButton+WebCache.m"; sourceTree = "<group>"; };
		E493E4B118A1E8DC0016C5FF /* UIImageView+WebCache.h */ = {isa = PBXFileReference; fileEncoding = 4; lastKnownFileType = sourcecode.c.h; path = "UIImageView+WebCache.h"; sourceTree = "<group>"; };
		E493E4B218A1E8DC0016C5FF /* UIImageView+WebCache.m */ = {isa = PBXFileReference; fileEncoding = 4; lastKnownFileType = sourcecode.c.objc; path = "UIImageView+WebCache.m"; sourceTree = "<group>"; };
/* End PBXFileReference section */

/* Begin PBXFrameworksBuildPhase section */
		E411159418A0C88700C3F341 /* Frameworks */ = {
			isa = PBXFrameworksBuildPhase;
			buildActionMask = 2147483647;
			files = (
				E411159D18A0C88700C3F341 /* CoreGraphics.framework in Frameworks */,
				E411159F18A0C88700C3F341 /* UIKit.framework in Frameworks */,
				E411159B18A0C88700C3F341 /* Foundation.framework in Frameworks */,
			);
			runOnlyForDeploymentPostprocessing = 0;
		};
		E41115AF18A0C88700C3F341 /* Frameworks */ = {
			isa = PBXFrameworksBuildPhase;
			buildActionMask = 2147483647;
			files = (
				E41115B418A0C88700C3F341 /* XCTest.framework in Frameworks */,
				E41115B618A0C88700C3F341 /* UIKit.framework in Frameworks */,
				E41115B518A0C88700C3F341 /* Foundation.framework in Frameworks */,
			);
			runOnlyForDeploymentPostprocessing = 0;
		};
/* End PBXFrameworksBuildPhase section */

/* Begin PBXGroup section */
		E411158E18A0C88700C3F341 = {
			isa = PBXGroup;
			children = (
				E493E49D18A1E8DC0016C5FF /* SDWebImage */,
				E411162018A0D25800C3F341 /* AFNetWorking */,
				E411166D18A1CFC300C3F341 /* DATAs */,
				E41115A018A0C88700C3F341 /* OpenWeather */,
				E41115B918A0C88700C3F341 /* OpenWeatherTests */,
				E411159918A0C88700C3F341 /* Frameworks */,
				E411159818A0C88700C3F341 /* Products */,
			);
			sourceTree = "<group>";
		};
		E411159818A0C88700C3F341 /* Products */ = {
			isa = PBXGroup;
			children = (
				E411159718A0C88700C3F341 /* OpenWeather.app */,
				E41115B218A0C88700C3F341 /* OpenWeatherTests.xctest */,
			);
			name = Products;
			sourceTree = "<group>";
		};
		E411159918A0C88700C3F341 /* Frameworks */ = {
			isa = PBXGroup;
			children = (
				E411159A18A0C88700C3F341 /* Foundation.framework */,
				E411159C18A0C88700C3F341 /* CoreGraphics.framework */,
				E411159E18A0C88700C3F341 /* UIKit.framework */,
				E41115B318A0C88700C3F341 /* XCTest.framework */,
			);
			name = Frameworks;
			sourceTree = "<group>";
		};
		E41115A018A0C88700C3F341 /* OpenWeather */ = {
			isa = PBXGroup;
			children = (
				E41115A918A0C88700C3F341 /* AppDelegate.h */,
				E41115AA18A0C88700C3F341 /* AppDelegate.m */,
				E442BF0E18A218BD003220C1 /* SuperViewController.h */,
				E442BF0F18A218BD003220C1 /* SuperViewController.m */,
				E41115C918A0C89900C3F341 /* HomeViewController.h */,
				E41115CA18A0C89900C3F341 /* HomeViewController.m */,
				E411167B18A1DA8800C3F341 /* HomeDetailViewController.h */,
				E411167C18A1DA8800C3F341 /* HomeDetailViewController.m */,
				E411167A18A1D7C400C3F341 /* HoemTableCustomCell */,
				E41115AC18A0C88700C3F341 /* Images.xcassets */,
				E41115A118A0C88700C3F341 /* Supporting Files */,
			);
			path = OpenWeather;
			sourceTree = "<group>";
		};
		E41115A118A0C88700C3F341 /* Supporting Files */ = {
			isa = PBXGroup;
			children = (
				E41115A218A0C88700C3F341 /* OpenWeather-Info.plist */,
				E41115A318A0C88700C3F341 /* InfoPlist.strings */,
				E41115A618A0C88700C3F341 /* main.m */,
				E41115A818A0C88700C3F341 /* OpenWeather-Prefix.pch */,
			);
			name = "Supporting Files";
			sourceTree = "<group>";
		};
		E41115B918A0C88700C3F341 /* OpenWeatherTests */ = {
			isa = PBXGroup;
			children = (
				E41115BF18A0C88700C3F341 /* OpenWeatherTests.m */,
				E41115BA18A0C88700C3F341 /* Supporting Files */,
			);
			path = OpenWeatherTests;
			sourceTree = "<group>";
		};
		E41115BA18A0C88700C3F341 /* Supporting Files */ = {
			isa = PBXGroup;
			children = (
				E41115BB18A0C88700C3F341 /* OpenWeatherTests-Info.plist */,
				E41115BC18A0C88700C3F341 /* InfoPlist.strings */,
			);
			name = "Supporting Files";
			sourceTree = "<group>";
		};
		E411162018A0D25800C3F341 /* AFNetWorking */ = {
			isa = PBXGroup;
			children = (
				E411162118A0D25800C3F341 /* AFAppDotNetAPIClient.h */,
				E411162218A0D25800C3F341 /* AFAppDotNetAPIClient.m */,
				E411164A18A0D2B400C3F341 /* AFNetworking */,
				E411163318A0D2A400C3F341 /* UIKit+AFNetworking */,
			);
			path = AFNetWorking;
			sourceTree = "<group>";
		};
		E411163318A0D2A400C3F341 /* UIKit+AFNetworking */ = {
			isa = PBXGroup;
			children = (
				E411163418A0D2A400C3F341 /* AFNetworkActivityIndicatorManager.h */,
				E411163518A0D2A400C3F341 /* AFNetworkActivityIndicatorManager.m */,
				E411163618A0D2A400C3F341 /* UIActivityIndicatorView+AFNetworking.h */,
				E411163718A0D2A400C3F341 /* UIActivityIndicatorView+AFNetworking.m */,
				E411163818A0D2A400C3F341 /* UIAlertView+AFNetworking.h */,
				E411163918A0D2A400C3F341 /* UIAlertView+AFNetworking.m */,
				E411163A18A0D2A400C3F341 /* UIButton+AFNetworking.h */,
				E411163B18A0D2A400C3F341 /* UIButton+AFNetworking.m */,
				E411163C18A0D2A400C3F341 /* UIImageView+AFNetworking.h */,
				E411163D18A0D2A400C3F341 /* UIImageView+AFNetworking.m */,
				E411163E18A0D2A400C3F341 /* UIKit+AFNetworking.h */,
				E411163F18A0D2A400C3F341 /* UIProgressView+AFNetworking.h */,
				E411164018A0D2A400C3F341 /* UIProgressView+AFNetworking.m */,
				E411164118A0D2A400C3F341 /* UIWebView+AFNetworking.h */,
				E411164218A0D2A400C3F341 /* UIWebView+AFNetworking.m */,
			);
			path = "UIKit+AFNetworking";
			sourceTree = "<group>";
		};
		E411164A18A0D2B400C3F341 /* AFNetworking */ = {
			isa = PBXGroup;
			children = (
				E411164B18A0D2B400C3F341 /* AFHTTPRequestOperation.h */,
				E411164C18A0D2B400C3F341 /* AFHTTPRequestOperation.m */,
				E411164D18A0D2B400C3F341 /* AFHTTPRequestOperationManager.h */,
				E411164E18A0D2B400C3F341 /* AFHTTPRequestOperationManager.m */,
				E411164F18A0D2B400C3F341 /* AFHTTPSessionManager.h */,
				E411165018A0D2B400C3F341 /* AFHTTPSessionManager.m */,
				E411165118A0D2B400C3F341 /* AFNetworking.h */,
				E411165218A0D2B400C3F341 /* AFNetworkReachabilityManager.h */,
				E411165318A0D2B400C3F341 /* AFNetworkReachabilityManager.m */,
				E411165418A0D2B400C3F341 /* AFSecurityPolicy.h */,
				E411165518A0D2B400C3F341 /* AFSecurityPolicy.m */,
				E411165618A0D2B400C3F341 /* AFURLConnectionOperation.h */,
				E411165718A0D2B400C3F341 /* AFURLConnectionOperation.m */,
				E411165818A0D2B400C3F341 /* AFURLRequestSerialization.h */,
				E411165918A0D2B400C3F341 /* AFURLRequestSerialization.m */,
				E411165A18A0D2B400C3F341 /* AFURLResponseSerialization.h */,
				E411165B18A0D2B400C3F341 /* AFURLResponseSerialization.m */,
				E411165C18A0D2B400C3F341 /* AFURLSessionManager.h */,
				E411165D18A0D2B400C3F341 /* AFURLSessionManager.m */,
			);
			path = AFNetworking;
			sourceTree = "<group>";
		};
		E411166718A1BBEA00C3F341 /* model */ = {
			isa = PBXGroup;
			children = (
				E411166818A1BE4200C3F341 /* HomeTableModel.h */,
				E411166918A1BE4200C3F341 /* HomeTableModel.m */,
			);
			name = model;
			sourceTree = "<group>";
		};
		E411166D18A1CFC300C3F341 /* DATAs */ = {
			isa = PBXGroup;
			children = (
				E411166E18A1CFFD00C3F341 /* BaseParser.h */,
				E411166F18A1CFFD00C3F341 /* BaseParser.m */,
				E411166718A1BBEA00C3F341 /* model */,
			);
			name = DATAs;
			path = OpenWeather;
			sourceTree = "<group>";
		};
		E411167A18A1D7C400C3F341 /* HoemTableCustomCell */ = {
			isa = PBXGroup;
			children = (
				E411167718A1D79000C3F341 /* HomeTableCustomCell.h */,
				E411167818A1D79000C3F341 /* HomeTableCustomCell.m */,
			);
			name = HoemTableCustomCell;
			sourceTree = "<group>";
		};
		E493E49D18A1E8DC0016C5FF /* SDWebImage */ = {
			isa = PBXGroup;
			children = (
				E493E49E18A1E8DC0016C5FF /* MKAnnotationView+WebCache.h */,
				E493E49F18A1E8DC0016C5FF /* MKAnnotationView+WebCache.m */,
				E493E4A018A1E8DC0016C5FF /* SDImageCache.h */,
				E493E4A118A1E8DC0016C5FF /* SDImageCache.m */,
				E493E4A218A1E8DC0016C5FF /* SDWebImageCompat.h */,
				E493E4A318A1E8DC0016C5FF /* SDWebImageCompat.m */,
				E493E4A418A1E8DC0016C5FF /* SDWebImageDecoder.h */,
				E493E4A518A1E8DC0016C5FF /* SDWebImageDecoder.m */,
				E493E4A618A1E8DC0016C5FF /* SDWebImageDownloader.h */,
				E493E4A718A1E8DC0016C5FF /* SDWebImageDownloader.m */,
				E493E4A818A1E8DC0016C5FF /* SDWebImageDownloaderOperation.h */,
				E493E4A918A1E8DC0016C5FF /* SDWebImageDownloaderOperation.m */,
				E493E4AA18A1E8DC0016C5FF /* SDWebImageManager.h */,
				E493E4AB18A1E8DC0016C5FF /* SDWebImageManager.m */,
				E493E4AC18A1E8DC0016C5FF /* SDWebImageOperation.h */,
				E493E4AD18A1E8DC0016C5FF /* SDWebImagePrefetcher.h */,
				E493E4AE18A1E8DC0016C5FF /* SDWebImagePrefetcher.m */,
				E493E4AF18A1E8DC0016C5FF /* UIButton+WebCache.h */,
				E493E4B018A1E8DC0016C5FF /* UIButton+WebCache.m */,
				E493E4B118A1E8DC0016C5FF /* UIImageView+WebCache.h */,
				E493E4B218A1E8DC0016C5FF /* UIImageView+WebCache.m */,
			);
			path = SDWebImage;
			sourceTree = "<group>";
		};
/* End PBXGroup section */

/* Begin PBXNativeTarget section */
		E411159618A0C88700C3F341 /* OpenWeather */ = {
			isa = PBXNativeTarget;
			buildConfigurationList = E41115C318A0C88700C3F341 /* Build configuration list for PBXNativeTarget "OpenWeather" */;
			buildPhases = (
				E411159318A0C88700C3F341 /* Sources */,
				E411159418A0C88700C3F341 /* Frameworks */,
				E411159518A0C88700C3F341 /* Resources */,
			);
			buildRules = (
			);
			dependencies = (
			);
			name = OpenWeather;
			productName = OpenWeather;
			productReference = E411159718A0C88700C3F341 /* OpenWeather.app */;
			productType = "com.apple.product-type.application";
		};
		E41115B118A0C88700C3F341 /* OpenWeatherTests */ = {
			isa = PBXNativeTarget;
			buildConfigurationList = E41115C618A0C88700C3F341 /* Build configuration list for PBXNativeTarget "OpenWeatherTests" */;
			buildPhases = (
				E41115AE18A0C88700C3F341 /* Sources */,
				E41115AF18A0C88700C3F341 /* Frameworks */,
				E41115B018A0C88700C3F341 /* Resources */,
			);
			buildRules = (
			);
			dependencies = (
				E41115B818A0C88700C3F341 /* PBXTargetDependency */,
			);
			name = OpenWeatherTests;
			productName = OpenWeatherTests;
			productReference = E41115B218A0C88700C3F341 /* OpenWeatherTests.xctest */;
			productType = "com.apple.product-type.bundle.unit-test";
		};
/* End PBXNativeTarget section */

/* Begin PBXProject section */
		E411158F18A0C88700C3F341 /* Project object */ = {
			isa = PBXProject;
			attributes = {
				LastUpgradeCheck = 0500;
				ORGANIZATIONNAME = JeonYongNam;
				TargetAttributes = {
					E41115B118A0C88700C3F341 = {
						TestTargetID = E411159618A0C88700C3F341;
					};
				};
			};
			buildConfigurationList = E411159218A0C88700C3F341 /* Build configuration list for PBXProject "OpenWeather" */;
			compatibilityVersion = "Xcode 3.2";
			developmentRegion = English;
			hasScannedForEncodings = 0;
			knownRegions = (
				en,
			);
			mainGroup = E411158E18A0C88700C3F341;
			productRefGroup = E411159818A0C88700C3F341 /* Products */;
			projectDirPath = "";
			projectRoot = "";
			targets = (
				E411159618A0C88700C3F341 /* OpenWeather */,
				E41115B118A0C88700C3F341 /* OpenWeatherTests */,
			);
		};
/* End PBXProject section */

/* Begin PBXResourcesBuildPhase section */
		E411159518A0C88700C3F341 /* Resources */ = {
			isa = PBXResourcesBuildPhase;
			buildActionMask = 2147483647;
			files = (
				E41115A518A0C88700C3F341 /* InfoPlist.strings in Resources */,
				E41115AD18A0C88700C3F341 /* Images.xcassets in Resources */,
			);
			runOnlyForDeploymentPostprocessing = 0;
		};
		E41115B018A0C88700C3F341 /* Resources */ = {
			isa = PBXResourcesBuildPhase;
			buildActionMask = 2147483647;
			files = (
				E41115BE18A0C88700C3F341 /* InfoPlist.strings in Resources */,
			);
			runOnlyForDeploymentPostprocessing = 0;
		};
/* End PBXResourcesBuildPhase section */

/* Begin PBXSourcesBuildPhase section */
		E411159318A0C88700C3F341 /* Sources */ = {
			isa = PBXSourcesBuildPhase;
			buildActionMask = 2147483647;
			files = (
				E493E4B618A1E8DC0016C5FF /* SDWebImageDecoder.m in Sources */,
				E411167D18A1DA8800C3F341 /* HomeDetailViewController.m in Sources */,
				E493E4B918A1E8DC0016C5FF /* SDWebImageManager.m in Sources */,
				E411166618A0D2B400C3F341 /* AFURLSessionManager.m in Sources */,
				E493E4BC18A1E8DC0016C5FF /* UIImageView+WebCache.m in Sources */,
				E411166318A0D2B400C3F341 /* AFURLConnectionOperation.m in Sources */,
				E411164518A0D2A400C3F341 /* UIAlertView+AFNetworking.m in Sources */,
				E442BF1018A218BD003220C1 /* SuperViewController.m in Sources */,
				E493E4B518A1E8DC0016C5FF /* SDWebImageCompat.m in Sources */,
				E493E4B818A1E8DC0016C5FF /* SDWebImageDownloaderOperation.m in Sources */,
				E411166018A0D2B400C3F341 /* AFHTTPSessionManager.m in Sources */,
				E411166118A0D2B400C3F341 /* AFNetworkReachabilityManager.m in Sources */,
				E411164918A0D2A400C3F341 /* UIWebView+AFNetworking.m in Sources */,
				E411166218A0D2B400C3F341 /* AFSecurityPolicy.m in Sources */,
				E411166A18A1BE4200C3F341 /* HomeTableModel.m in Sources */,
				E411164818A0D2A400C3F341 /* UIProgressView+AFNetworking.m in Sources */,
				E411164418A0D2A400C3F341 /* UIActivityIndicatorView+AFNetworking.m in Sources */,
				E411164718A0D2A400C3F341 /* UIImageView+AFNetworking.m in Sources */,
				E411165F18A0D2B400C3F341 /* AFHTTPRequestOperationManager.m in Sources */,
				E493E4BA18A1E8DC0016C5FF /* SDWebImagePrefetcher.m in Sources */,
				E41115AB18A0C88700C3F341 /* AppDelegate.m in Sources */,
				E411164318A0D2A400C3F341 /* AFNetworkActivityIndicatorManager.m in Sources */,
				E41115A718A0C88700C3F341 /* main.m in Sources */,
				E411162E18A0D25800C3F341 /* AFAppDotNetAPIClient.m in Sources */,
				E411167918A1D79000C3F341 /* HomeTableCustomCell.m in Sources */,
				E41115CB18A0C89900C3F341 /* HomeViewController.m in Sources */,
				E493E4B718A1E8DC0016C5FF /* SDWebImageDownloader.m in Sources */,
				E493E4BB18A1E8DC0016C5FF /* UIButton+WebCache.m in Sources */,
				E411167018A1CFFD00C3F341 /* BaseParser.m in Sources */,
				E411164618A0D2A400C3F341 /* UIButton+AFNetworking.m in Sources */,
				E411166418A0D2B400C3F341 /* AFURLRequestSerialization.m in Sources */,
				E411165E18A0D2B400C3F341 /* AFHTTPRequestOperation.m in Sources */,
				E493E4B418A1E8DC0016C5FF /* SDImageCache.m in Sources */,
				E493E4B318A1E8DC0016C5FF /* MKAnnotationView+WebCache.m in Sources */,
				E411166518A0D2B400C3F341 /* AFURLResponseSerialization.m in Sources */,
			);
			runOnlyForDeploymentPostprocessing = 0;
		};
		E41115AE18A0C88700C3F341 /* Sources */ = {
			isa = PBXSourcesBuildPhase;
			buildActionMask = 2147483647;
			files = (
				E41115C018A0C88700C3F341 /* OpenWeatherTests.m in Sources */,
			);
			runOnlyForDeploymentPostprocessing = 0;
		};
/* End PBXSourcesBuildPhase section */

/* Begin PBXTargetDependency section */
		E41115B818A0C88700C3F341 /* PBXTargetDependency */ = {
			isa = PBXTargetDependency;
			target = E411159618A0C88700C3F341 /* OpenWeather */;
			targetProxy = E41115B718A0C88700C3F341 /* PBXContainerItemProxy */;
		};
/* End PBXTargetDependency section */

/* Begin PBXVariantGroup section */
		E41115A318A0C88700C3F341 /* InfoPlist.strings */ = {
			isa = PBXVariantGroup;
			children = (
				E41115A418A0C88700C3F341 /* en */,
			);
			name = InfoPlist.strings;
			sourceTree = "<group>";
		};
		E41115BC18A0C88700C3F341 /* InfoPlist.strings */ = {
			isa = PBXVariantGroup;
			children = (
				E41115BD18A0C88700C3F341 /* en */,
			);
			name = InfoPlist.strings;
			sourceTree = "<group>";
		};
/* End PBXVariantGroup section */

/* Begin XCBuildConfiguration section */
		E41115C118A0C88700C3F341 /* Debug */ = {
			isa = XCBuildConfiguration;
			buildSettings = {
				ALWAYS_SEARCH_USER_PATHS = NO;
				ARCHS = "$(ARCHS_STANDARD_INCLUDING_64_BIT)";
				CLANG_CXX_LANGUAGE_STANDARD = "gnu++0x";
				CLANG_CXX_LIBRARY = "libc++";
				CLANG_ENABLE_MODULES = YES;
				CLANG_ENABLE_OBJC_ARC = YES;
				CLANG_WARN_BOOL_CONVERSION = YES;
				CLANG_WARN_CONSTANT_CONVERSION = YES;
				CLANG_WARN_DIRECT_OBJC_ISA_USAGE = YES_ERROR;
				CLANG_WARN_EMPTY_BODY = YES;
				CLANG_WARN_ENUM_CONVERSION = YES;
				CLANG_WARN_INT_CONVERSION = YES;
				CLANG_WARN_OBJC_ROOT_CLASS = YES_ERROR;
				CLANG_WARN__DUPLICATE_METHOD_MATCH = YES;
				"CODE_SIGN_IDENTITY[sdk=iphoneos*]" = "iPhone Developer";
				COPY_PHASE_STRIP = NO;
				GCC_C_LANGUAGE_STANDARD = gnu99;
				GCC_DYNAMIC_NO_PIC = NO;
				GCC_OPTIMIZATION_LEVEL = 0;
				GCC_PREPROCESSOR_DEFINITIONS = (
					"DEBUG=1",
					"$(inherited)",
				);
				GCC_SYMBOLS_PRIVATE_EXTERN = NO;
				GCC_WARN_64_TO_32_BIT_CONVERSION = YES;
				GCC_WARN_ABOUT_RETURN_TYPE = YES_ERROR;
				GCC_WARN_UNDECLARED_SELECTOR = YES;
				GCC_WARN_UNINITIALIZED_AUTOS = YES;
				GCC_WARN_UNUSED_FUNCTION = YES;
				GCC_WARN_UNUSED_VARIABLE = YES;
				IPHONEOS_DEPLOYMENT_TARGET = 7.0;
				ONLY_ACTIVE_ARCH = YES;
				SDKROOT = iphoneos;
				TARGETED_DEVICE_FAMILY = "1,2";
			};
			name = Debug;
		};
		E41115C218A0C88700C3F341 /* Release */ = {
			isa = XCBuildConfiguration;
			buildSettings = {
				ALWAYS_SEARCH_USER_PATHS = NO;
				ARCHS = "$(ARCHS_STANDARD_INCLUDING_64_BIT)";
				CLANG_CXX_LANGUAGE_STANDARD = "gnu++0x";
				CLANG_CXX_LIBRARY = "libc++";
				CLANG_ENABLE_MODULES = YES;
				CLANG_ENABLE_OBJC_ARC = YES;
				CLANG_WARN_BOOL_CONVERSION = YES;
				CLANG_WARN_CONSTANT_CONVERSION = YES;
				CLANG_WARN_DIRECT_OBJC_ISA_USAGE = YES_ERROR;
				CLANG_WARN_EMPTY_BODY = YES;
				CLANG_WARN_ENUM_CONVERSION = YES;
				CLANG_WARN_INT_CONVERSION = YES;
				CLANG_WARN_OBJC_ROOT_CLASS = YES_ERROR;
				CLANG_WARN__DUPLICATE_METHOD_MATCH = YES;
				"CODE_SIGN_IDENTITY[sdk=iphoneos*]" = "iPhone Developer";
				COPY_PHASE_STRIP = YES;
				ENABLE_NS_ASSERTIONS = NO;
				GCC_C_LANGUAGE_STANDARD = gnu99;
				GCC_WARN_64_TO_32_BIT_CONVERSION = YES;
				GCC_WARN_ABOUT_RETURN_TYPE = YES_ERROR;
				GCC_WARN_UNDECLARED_SELECTOR = YES;
				GCC_WARN_UNINITIALIZED_AUTOS = YES;
				GCC_WARN_UNUSED_FUNCTION = YES;
				GCC_WARN_UNUSED_VARIABLE = YES;
				IPHONEOS_DEPLOYMENT_TARGET = 7.0;
				SDKROOT = iphoneos;
				TARGETED_DEVICE_FAMILY = "1,2";
				VALIDATE_PRODUCT = YES;
			};
			name = Release;
		};
		E41115C418A0C88700C3F341 /* Debug */ = {
			isa = XCBuildConfiguration;
			buildSettings = {
				ASSETCATALOG_COMPILER_APPICON_NAME = AppIcon;
				ASSETCATALOG_COMPILER_LAUNCHIMAGE_NAME = LaunchImage;
				FRAMEWORK_SEARCH_PATHS = (
					"$(inherited)",
					/Users/we/Desktop/OpenWeather,
				);
				GCC_PRECOMPILE_PREFIX_HEADER = YES;
				GCC_PREFIX_HEADER = "OpenWeather/OpenWeather-Prefix.pch";
				INFOPLIST_FILE = "OpenWeather/OpenWeather-Info.plist";
				PRODUCT_NAME = "$(TARGET_NAME)";
				WRAPPER_EXTENSION = app;
			};
			name = Debug;
		};
		E41115C518A0C88700C3F341 /* Release */ = {
			isa = XCBuildConfiguration;
			buildSettings = {
				ASSETCATALOG_COMPILER_APPICON_NAME = AppIcon;
				ASSETCATALOG_COMPILER_LAUNCHIMAGE_NAME = LaunchImage;
				FRAMEWORK_SEARCH_PATHS = (
					"$(inherited)",
					/Users/we/Desktop/OpenWeather,
				);
				GCC_PRECOMPILE_PREFIX_HEADER = YES;
				GCC_PREFIX_HEADER = "OpenWeather/OpenWeather-Prefix.pch";
				INFOPLIST_FILE = "OpenWeather/OpenWeather-Info.plist";
				PRODUCT_NAME = "$(TARGET_NAME)";
				WRAPPER_EXTENSION = app;
			};
			name = Release;
		};
		E41115C718A0C88700C3F341 /* Debug */ = {
			isa = XCBuildConfiguration;
			buildSettings = {
				ARCHS = "$(ARCHS_STANDARD_INCLUDING_64_BIT)";
				BUNDLE_LOADER = "$(BUILT_PRODUCTS_DIR)/OpenWeather.app/OpenWeather";
				FRAMEWORK_SEARCH_PATHS = (
					"$(SDKROOT)/Developer/Library/Frameworks",
					"$(inherited)",
					"$(DEVELOPER_FRAMEWORKS_DIR)",
				);
				GCC_PRECOMPILE_PREFIX_HEADER = YES;
				GCC_PREFIX_HEADER = "OpenWeather/OpenWeather-Prefix.pch";
				GCC_PREPROCESSOR_DEFINITIONS = (
					"DEBUG=1",
					"$(inherited)",
				);
				INFOPLIST_FILE = "OpenWeatherTests/OpenWeatherTests-Info.plist";
				PRODUCT_NAME = "$(TARGET_NAME)";
				TEST_HOST = "$(BUNDLE_LOADER)";
				WRAPPER_EXTENSION = xctest;
			};
			name = Debug;
		};
		E41115C818A0C88700C3F341 /* Release */ = {
			isa = XCBuildConfiguration;
			buildSettings = {
				ARCHS = "$(ARCHS_STANDARD_INCLUDING_64_BIT)";
				BUNDLE_LOADER = "$(BUILT_PRODUCTS_DIR)/OpenWeather.app/OpenWeather";
				FRAMEWORK_SEARCH_PATHS = (
					"$(SDKROOT)/Developer/Library/Frameworks",
					"$(inherited)",
					"$(DEVELOPER_FRAMEWORKS_DIR)",
				);
				GCC_PRECOMPILE_PREFIX_HEADER = YES;
				GCC_PREFIX_HEADER = "OpenWeather/OpenWeather-Prefix.pch";
				INFOPLIST_FILE = "OpenWeatherTests/OpenWeatherTests-Info.plist";
				PRODUCT_NAME = "$(TARGET_NAME)";
				TEST_HOST = "$(BUNDLE_LOADER)";
				WRAPPER_EXTENSION = xctest;
			};
			name = Release;
		};
/* End XCBuildConfiguration section */

/* Begin XCConfigurationList section */
		E411159218A0C88700C3F341 /* Build configuration list for PBXProject "OpenWeather" */ = {
			isa = XCConfigurationList;
			buildConfigurations = (
				E41115C118A0C88700C3F341 /* Debug */,
				E41115C218A0C88700C3F341 /* Release */,
			);
			defaultConfigurationIsVisible = 0;
			defaultConfigurationName = Release;
		};
		E41115C318A0C88700C3F341 /* Build configuration list for PBXNativeTarget "OpenWeather" */ = {
			isa = XCConfigurationList;
			buildConfigurations = (
				E41115C418A0C88700C3F341 /* Debug */,
				E41115C518A0C88700C3F341 /* Release */,
			);
			defaultConfigurationIsVisible = 0;
			defaultConfigurationName = Release;
		};
		E41115C618A0C88700C3F341 /* Build configuration list for PBXNativeTarget "OpenWeatherTests" */ = {
			isa = XCConfigurationList;
			buildConfigurations = (
				E41115C718A0C88700C3F341 /* Debug */,
				E41115C818A0C88700C3F341 /* Release */,
			);
			defaultConfigurationIsVisible = 0;
			defaultConfigurationName = Release;
		};
/* End XCConfigurationList section */
	};
	rootObject = E411158F18A0C88700C3F341 /* Project object */;
}
